{
  "name": "legacy",
  "version": "1.0.0",
  "lockfileVersion": 1,
  "requires": true,
  "dependencies": {
    "legacy-lib": {"version": "0.1.0", "resolved": "https://registry.npmjs.org/legacy-lib/-/legacy-lib-0.1.0.tgz", "integrity": "sha512-AAAA"},
    "unseen": {"version": "0.2.0", "dev": true}
  }
}
