{
  "name": "demo",
  "version": "1.0.0",
  "lockfileVersion": 3,
  "requires": true,
  "packages": {
    "": {"name": "demo", "version": "1.0.0", "license": "MIT"},
    "node_modules/lodash": {"version": "4.17.21", "resolved": "https://registry.npmjs.org/lodash/-/lodash-4.17.21.tgz", "license": "MIT"},
    "node_modules/@scope/widget": {"version": "2.0.0", "license": "Apache-2.0"},
    "node_modules/copyleft-lib": {"version": "1.0.0", "license": "GPL-3.0-only"},
    "node_modules/dual-lib": {"version": "3.1.0", "license": "(MIT OR GPL-2.0-only)"},
    "node_modules/both-lib": {"version": "0.9.0", "license": "MIT AND LGPL-2.1-only"},
    "node_modules/nolicense-field": {"version": "0.0.1"},
    "node_modules/mystery": {"version": "1.2.3", "license": "SEE LICENSE IN LICENSE.txt"},
    "node_modules/dev-only": {"version": "5.0.0", "dev": true, "license": "AGPL-3.0-only"},
    "node_modules/old-style": {"version": "1.0.0", "license": "GPL-3.0+"}
  }
}
